// !$*UTF8*$!
{
	archiveVersion = 1;
	classes = {
	};
	objectVersion = 48;
	objects = {

/* Begin PBXBuildFile section */
		2C65EDDC202B4F9A00C61C34 /* AppDelegate.swift in Sources */ = {isa = PBXBuildFile; fileRef = 2C65EDDB202B4F9A00C61C34 /* AppDelegate.swift */; };
		2C65EDDE202B4F9A00C61C34 /* ViewController.swift in Sources */ = {isa = PBXBuildFile; fileRef = 2C65EDDD202B4F9A00C61C34 /* ViewController.swift */; };
		2C65EDE1202B4F9A00C61C34 /* Main.storyboard in Resources */ = {isa = PBXBuildFile; fileRef = 2C65EDDF202B4F9A00C61C34 /* Main.storyboard */; };
		2C65EDE3202B4F9A00C61C34 /* Assets.xcassets in Resources */ = {isa = PBXBuildFile; fileRef = 2C65EDE2202B4F9A00C61C34 /* Assets.xcassets */; };
		2C65EDE6202B4F9A00C61C34 /* LaunchScreen.storyboard in Resources */ = {isa = PBXBuildFile; fileRef = 2C65EDE4202B4F9A00C61C34 /* LaunchScreen.storyboard */; };
		2C65EDF1202B4F9A00C61C34 /* ChartsTests.swift in Sources */ = {isa = PBXBuildFile; fileRef = 2C65EDF0202B4F9A00C61C34 /* ChartsTests.swift */; };
		2C65EDFC202B4F9A00C61C34 /* ChartsUITests.swift in Sources */ = {isa = PBXBuildFile; fileRef = 2C65EDFB202B4F9A00C61C34 /* ChartsUITests.swift */; };
/* End PBXBuildFile section */

/* Begin PBXContainerItemProxy section */
		2C65EDED202B4F9A00C61C34 /* PBXContainerItemProxy */ = {
			isa = PBXContainerItemProxy;
			containerPortal = 2C65EDD0202B4F9A00C61C34 /* Project object */;
			proxyType = 1;
			remoteGlobalIDString = 2C65EDD7202B4F9A00C61C34;
			remoteInfo = Charts;
		};
		2C65EDF8202B4F9A00C61C34 /* PBXContainerItemProxy */ = {
			isa = PBXContainerItemProxy;
			containerPortal = 2C65EDD0202B4F9A00C61C34 /* Project object */;
			proxyType = 1;
			remoteGlobalIDString = 2C65EDD7202B4F9A00C61C34;
			remoteInfo = Charts;
		};
/* End PBXContainerItemProxy section */

/* Begin PBXFileReference section */
		2C65EDD8202B4F9A00C61C34 /* Charts.app */ = {isa = PBXFileReference; explicitFileType = wrapper.application; includeInIndex = 0; path = Charts.app; sourceTree = BUILT_PRODUCTS_DIR; };
		2C65EDDB202B4F9A00C61C34 /* AppDelegate.swift */ = {isa = PBXFileReference; lastKnownFileType = sourcecode.swift; path = AppDelegate.swift; sourceTree = "<group>"; };
		2C65EDDD202B4F9A00C61C34 /* ViewController.swift */ = {isa = PBXFileReference; lastKnownFileType = sourcecode.swift; path = ViewController.swift; sourceTree = "<group>"; };
		2C65EDE0202B4F9A00C61C34 /* Base */ = {isa = PBXFileReference; lastKnownFileType = file.storyboard; name = Base; path = Base.lproj/Main.storyboard; sourceTree = "<group>"; };
		2C65EDE2202B4F9A00C61C34 /* Assets.xcassets */ = {isa = PBXFileReference; lastKnownFileType = folder.assetcatalog; path = Assets.xcassets; sourceTree = "<group>"; };
		2C65EDE5202B4F9A00C61C34 /* Base */ = {isa = PBXFileReference; lastKnownFileType = file.storyboard; name = Base; path = Base.lproj/LaunchScreen.storyboard; sourceTree = "<group>"; };
		2C65EDE7202B4F9A00C61C34 /* Info.plist */ = {isa = PBXFileReference; lastKnownFileType = text.plist.xml; path = Info.plist; sourceTree = "<group>"; };
		2C65EDEC202B4F9A00C61C34 /* ChartsTests.xctest */ = {isa = PBXFileReference; explicitFileType = wrapper.cfbundle; includeInIndex = 0; path = ChartsTests.xctest; sourceTree = BUILT_PRODUCTS_DIR; };
		2C65EDF0202B4F9A00C61C34 /* ChartsTests.swift */ = {isa = PBXFileReference; lastKnownFileType = sourcecode.swift; path = ChartsTests.swift; sourceTree = "<group>"; };
		2C65EDF2202B4F9A00C61C34 /* Info.plist */ = {isa = PBXFileReference; lastKnownFileType = text.plist.xml; path = Info.plist; sourceTree = "<group>"; };
		2C65EDF7202B4F9A00C61C34 /* ChartsUITests.xctest */ = {isa = PBXFileReference; explicitFileType = wrapper.cfbundle; includeInIndex = 0; path = ChartsUITests.xctest; sourceTree = BUILT_PRODUCTS_DIR; };
		2C65EDFB202B4F9A00C61C34 /* ChartsUITests.swift */ = {isa = PBXFileReference; lastKnownFileType = sourcecode.swift; path = ChartsUITests.swift; sourceTree = "<group>"; };
		2C65EDFD202B4F9A00C61C34 /* Info.plist */ = {isa = PBXFileReference; lastKnownFileType = text.plist.xml; path = Info.plist; sourceTree = "<group>"; };
/* End PBXFileReference section */

/* Begin PBXFrameworksBuildPhase section */
		2C65EDD5202B4F9A00C61C34 /* Frameworks */ = {
			isa = PBXFrameworksBuildPhase;
			buildActionMask = 2147483647;
			files = (
			);
			runOnlyForDeploymentPostprocessing = 0;
		};
		2C65EDE9202B4F9A00C61C34 /* Frameworks */ = {
			isa = PBXFrameworksBuildPhase;
			buildActionMask = 2147483647;
			files = (
			);
			runOnlyForDeploymentPostprocessing = 0;
		};
		2C65EDF4202B4F9A00C61C34 /* Frameworks */ = {
			isa = PBXFrameworksBuildPhase;
			buildActionMask = 2147483647;
			files = (
			);
			runOnlyForDeploymentPostprocessing = 0;
		};
/* End PBXFrameworksBuildPhase section */

/* Begin PBXGroup section */
		2C65EDCF202B4F9A00C61C34 = {
			isa = PBXGroup;
			children = (
				2C65EDDA202B4F9A00C61C34 /* Charts */,
				2C65EDEF202B4F9A00C61C34 /* ChartsTests */,
				2C65EDFA202B4F9A00C61C34 /* ChartsUITests */,
				2C65EDD9202B4F9A00C61C34 /* Products */,
			);
			sourceTree = "<group>";
		};
		2C65EDD9202B4F9A00C61C34 /* Products */ = {
			isa = PBXGroup;
			children = (
				2C65EDD8202B4F9A00C61C34 /* Charts.app */,
				2C65EDEC202B4F9A00C61C34 /* ChartsTests.xctest */,
				2C65EDF7202B4F9A00C61C34 /* ChartsUITests.xctest */,
			);
			name = Products;
			sourceTree = "<group>";
		};
		2C65EDDA202B4F9A00C61C34 /* Charts */ = {
			isa = PBXGroup;
			children = (
				2C65EDDB202B4F9A00C61C34 /* AppDelegate.swift */,
				2C65EDDD202B4F9A00C61C34 /* ViewController.swift */,
				2C65EDDF202B4F9A00C61C34 /* Main.storyboard */,
				2C65EDE2202B4F9A00C61C34 /* Assets.xcassets */,
				2C65EDE4202B4F9A00C61C34 /* LaunchScreen.storyboard */,
				2C65EDE7202B4F9A00C61C34 /* Info.plist */,
			);
			path = Charts;
			sourceTree = "<group>";
		};
		2C65EDEF202B4F9A00C61C34 /* ChartsTests */ = {
			isa = PBXGroup;
			children = (
				2C65EDF0202B4F9A00C61C34 /* ChartsTests.swift */,
				2C65EDF2202B4F9A00C61C34 /* Info.plist */,
			);
			path = ChartsTests;
			sourceTree = "<group>";
		};
		2C65EDFA202B4F9A00C61C34 /* ChartsUITests */ = {
			isa = PBXGroup;
			children = (
				2C65EDFB202B4F9A00C61C34 /* ChartsUITests.swift */,
				2C65EDFD202B4F9A00C61C34 /* Info.plist */,
			);
			path = ChartsUITests;
			sourceTree = "<group>";
		};
/* End PBXGroup section */

/* Begin PBXNativeTarget section */
		2C65EDD7202B4F9A00C61C34 /* Charts */ = {
			isa = PBXNativeTarget;
			buildConfigurationList = 2C65EE00202B4F9A00C61C34 /* Build configuration list for PBXNativeTarget "Charts" */;
			buildPhases = (
				2C65EDD4202B4F9A00C61C34 /* Sources */,
				2C65EDD5202B4F9A00C61C34 /* Frameworks */,
				2C65EDD6202B4F9A00C61C34 /* Resources */,
			);
			buildRules = (
			);
			dependencies = (
			);
			name = Charts;
			productName = Charts;
			productReference = 2C65EDD8202B4F9A00C61C34 /* Charts.app */;
			productType = "com.apple.product-type.application";
		};
		2C65EDEB202B4F9A00C61C34 /* ChartsTests */ = {
			isa = PBXNativeTarget;
			buildConfigurationList = 2C65EE03202B4F9A00C61C34 /* Build configuration list for PBXNativeTarget "ChartsTests" */;
			buildPhases = (
				2C65EDE8202B4F9A00C61C34 /* Sources */,
				2C65EDE9202B4F9A00C61C34 /* Frameworks */,
				2C65EDEA202B4F9A00C61C34 /* Resources */,
			);
			buildRules = (
			);
			dependencies = (
				2C65EDEE202B4F9A00C61C34 /* PBXTargetDependency */,
			);
			name = ChartsTests;
			productName = ChartsTests;
			productReference = 2C65EDEC202B4F9A00C61C34 /* ChartsTests.xctest */;
			productType = "com.apple.product-type.bundle.unit-test";
		};
		2C65EDF6202B4F9A00C61C34 /* ChartsUITests */ = {
			isa = PBXNativeTarget;
			buildConfigurationList = 2C65EE06202B4F9A00C61C34 /* Build configuration list for PBXNativeTarget "ChartsUITests" */;
			buildPhases = (
				2C65EDF3202B4F9A00C61C34 /* Sources */,
				2C65EDF4202B4F9A00C61C34 /* Frameworks */,
				2C65EDF5202B4F9A00C61C34 /* Resources */,
			);
			buildRules = (
			);
			dependencies = (
				2C65EDF9202B4F9A00C61C34 /* PBXTargetDependency */,
			);
			name = ChartsUITests;
			productName = ChartsUITests;
			productReference = 2C65EDF7202B4F9A00C61C34 /* ChartsUITests.xctest */;
			productType = "com.apple.product-type.bundle.ui-testing";
		};
/* End PBXNativeTarget section */

/* Begin PBXProject section */
		2C65EDD0202B4F9A00C61C34 /* Project object */ = {
			isa = PBXProject;
			attributes = {
				LastSwiftUpdateCheck = 0920;
				LastUpgradeCheck = 0920;
				ORGANIZATIONNAME = "Vincent Riviere";
				TargetAttributes = {
					2C65EDD7202B4F9A00C61C34 = {
						CreatedOnToolsVersion = 9.2;
						ProvisioningStyle = Automatic;
					};
					2C65EDEB202B4F9A00C61C34 = {
						CreatedOnToolsVersion = 9.2;
						ProvisioningStyle = Automatic;
						TestTargetID = 2C65EDD7202B4F9A00C61C34;
					};
					2C65EDF6202B4F9A00C61C34 = {
						CreatedOnToolsVersion = 9.2;
						ProvisioningStyle = Automatic;
						TestTargetID = 2C65EDD7202B4F9A00C61C34;
					};
				};
			};
			buildConfigurationList = 2C65EDD3202B4F9A00C61C34 /* Build configuration list for PBXProject "Charts" */;
			compatibilityVersion = "Xcode 8.0";
			developmentRegion = en;
			hasScannedForEncodings = 0;
			knownRegions = (
				en,
				Base,
			);
			mainGroup = 2C65EDCF202B4F9A00C61C34;
			productRefGroup = 2C65EDD9202B4F9A00C61C34 /* Products */;
			projectDirPath = "";
			projectRoot = "";
			targets = (
				2C65EDD7202B4F9A00C61C34 /* Charts */,
				2C65EDEB202B4F9A00C61C34 /* ChartsTests */,
				2C65EDF6202B4F9A00C61C34 /* ChartsUITests */,
			);
		};
/* End PBXProject section */

/* Begin PBXResourcesBuildPhase section */
		2C65EDD6202B4F9A00C61C34 /* Resources */ = {
			isa = PBXResourcesBuildPhase;
			buildActionMask = 2147483647;
			files = (
				2C65EDE6202B4F9A00C61C34 /* LaunchScreen.storyboard in Resources */,
				2C65EDE3202B4F9A00C61C34 /* Assets.xcassets in Resources */,
				2C65EDE1202B4F9A00C61C34 /* Main.storyboard in Resources */,
			);
			runOnlyForDeploymentPostprocessing = 0;
		};
		2C65EDEA202B4F9A00C61C34 /* Resources */ = {
			isa = PBXResourcesBuildPhase;
			buildActionMask = 2147483647;
			files = (
			);
			runOnlyForDeploymentPostprocessing = 0;
		};
		2C65EDF5202B4F9A00C61C34 /* Resources */ = {
			isa = PBXResourcesBuildPhase;
			buildActionMask = 2147483647;
			files = (
			);
			runOnlyForDeploymentPostprocessing = 0;
		};
/* End PBXResourcesBuildPhase section */

/* Begin PBXSourcesBuildPhase section */
		2C65EDD4202B4F9A00C61C34 /* Sources */ = {
			isa = PBXSourcesBuildPhase;
			buildActionMask = 2147483647;
			files = (
				2C65EDDE202B4F9A00C61C34 /* ViewController.swift in Sources */,
				2C65EDDC202B4F9A00C61C34 /* AppDelegate.swift in Sources */,
			);
			runOnlyForDeploymentPostprocessing = 0;
		};
		2C65EDE8202B4F9A00C61C34 /* Sources */ = {
			isa = PBXSourcesBuildPhase;
			buildActionMask = 2147483647;
			files = (
				2C65EDF1202B4F9A00C61C34 /* ChartsTests.swift in Sources */,
			);
			runOnlyForDeploymentPostprocessing = 0;
		};
		2C65EDF3202B4F9A00C61C34 /* Sources */ = {
			isa = PBXSourcesBuildPhase;
			buildActionMask = 2147483647;
			files = (
				2C65EDFC202B4F9A00C61C34 /* ChartsUITests.swift in Sources */,
			);
			runOnlyForDeploymentPostprocessing = 0;
		};
/* End PBXSourcesBuildPhase section */

/* Begin PBXTargetDependency section */
		2C65EDEE202B4F9A00C61C34 /* PBXTargetDependency */ = {
			isa = PBXTargetDependency;
			target = 2C65EDD7202B4F9A00C61C34 /* Charts */;
			targetProxy = 2C65EDED202B4F9A00C61C34 /* PBXContainerItemProxy */;
		};
		2C65EDF9202B4F9A00C61C34 /* PBXTargetDependency */ = {
			isa = PBXTargetDependency;
			target = 2C65EDD7202B4F9A00C61C34 /* Charts */;
			targetProxy = 2C65EDF8202B4F9A00C61C34 /* PBXContainerItemProxy */;
		};
/* End PBXTargetDependency section */

/* Begin PBXVariantGroup section */
		2C65EDDF202B4F9A00C61C34 /* Main.storyboard */ = {
			isa = PBXVariantGroup;
			children = (
				2C65EDE0202B4F9A00C61C34 /* Base */,
			);
			name = Main.storyboard;
			sourceTree = "<group>";
		};
		2C65EDE4202B4F9A00C61C34 /* LaunchScreen.storyboard */ = {
			isa = PBXVariantGroup;
			children = (
				2C65EDE5202B4F9A00C61C34 /* Base */,
			);
			name = LaunchScreen.storyboard;
			sourceTree = "<group>";
		};
/* End PBXVariantGroup section */

/* Begin XCBuildConfiguration section */
		2C65EDFE202B4F9A00C61C34 /* Debug */ = {
			isa = XCBuildConfiguration;
			buildSettings = {
				ALWAYS_SEARCH_USER_PATHS = NO;
				CLANG_ANALYZER_NONNULL = YES;
				CLANG_ANALYZER_NUMBER_OBJECT_CONVERSION = YES_AGGRESSIVE;
				CLANG_CXX_LANGUAGE_STANDARD = "gnu++14";
				CLANG_CXX_LIBRARY = "libc++";
				CLANG_ENABLE_MODULES = YES;
				CLANG_ENABLE_OBJC_ARC = YES;
				CLANG_WARN_BLOCK_CAPTURE_AUTORELEASING = YES;
				CLANG_WARN_BOOL_CONVERSION = YES;
				CLANG_WARN_COMMA = YES;
				CLANG_WARN_CONSTANT_CONVERSION = YES;
				CLANG_WARN_DIRECT_OBJC_ISA_USAGE = YES_ERROR;
				CLANG_WARN_DOCUMENTATION_COMMENTS = YES;
				CLANG_WARN_EMPTY_BODY = YES;
				CLANG_WARN_ENUM_CONVERSION = YES;
				CLANG_WARN_INFINITE_RECURSION = YES;
				CLANG_WARN_INT_CONVERSION = YES;
				CLANG_WARN_NON_LITERAL_NULL_CONVERSION = YES;
				CLANG_WARN_OBJC_LITERAL_CONVERSION = YES;
				CLANG_WARN_OBJC_ROOT_CLASS = YES_ERROR;
				CLANG_WARN_RANGE_LOOP_ANALYSIS = YES;
				CLANG_WARN_STRICT_PROTOTYPES = YES;
				CLANG_WARN_SUSPICIOUS_MOVE = YES;
				CLANG_WARN_UNGUARDED_AVAILABILITY = YES_AGGRESSIVE;
				CLANG_WARN_UNREACHABLE_CODE = YES;
				CLANG_WARN__DUPLICATE_METHOD_MATCH = YES;
				CODE_SIGN_IDENTITY = "iPhone Developer";
				COPY_PHASE_STRIP = NO;
				DEBUG_INFORMATION_FORMAT = dwarf;
				ENABLE_STRICT_OBJC_MSGSEND = YES;
				ENABLE_TESTABILITY = YES;
				GCC_C_LANGUAGE_STANDARD = gnu11;
				GCC_DYNAMIC_NO_PIC = NO;
				GCC_NO_COMMON_BLOCKS = YES;
				GCC_OPTIMIZATION_LEVEL = 0;
				GCC_PREPROCESSOR_DEFINITIONS = (
					"DEBUG=1",
					"$(inherited)",
				);
				GCC_WARN_64_TO_32_BIT_CONVERSION = YES;
				GCC_WARN_ABOUT_RETURN_TYPE = YES_ERROR;
				GCC_WARN_UNDECLARED_SELECTOR = YES;
				GCC_WARN_UNINITIALIZED_AUTOS = YES_AGGRESSIVE;
				GCC_WARN_UNUSED_FUNCTION = YES;
				GCC_WARN_UNUSED_VARIABLE = YES;
				IPHONEOS_DEPLOYMENT_TARGET = 11.2;
				MTL_ENABLE_DEBUG_INFO = YES;
				ONLY_ACTIVE_ARCH = YES;
				SDKROOT = iphoneos;
				SWIFT_ACTIVE_COMPILATION_CONDITIONS = DEBUG;
				SWIFT_OPTIMIZATION_LEVEL = "-Onone";
			};
			name = Debug;
		};
		2C65EDFF202B4F9A00C61C34 /* Release */ = {
			isa = XCBuildConfiguration;
			buildSettings = {
				ALWAYS_SEARCH_USER_PATHS = NO;
				CLANG_ANALYZER_NONNULL = YES;
				CLANG_ANALYZER_NUMBER_OBJECT_CONVERSION = YES_AGGRESSIVE;
				CLANG_CXX_LANGUAGE_STANDARD = "gnu++14";
				CLANG_CXX_LIBRARY = "libc++";
				CLANG_ENABLE_MODULES = YES;
				CLANG_ENABLE_OBJC_ARC = YES;
				CLANG_WARN_BLOCK_CAPTURE_AUTORELEASING = YES;
				CLANG_WARN_BOOL_CONVERSION = YES;
				CLANG_WARN_COMMA = YES;
				CLANG_WARN_CONSTANT_CONVERSION = YES;
				CLANG_WARN_DIRECT_OBJC_ISA_USAGE = YES_ERROR;
				CLANG_WARN_DOCUMENTATION_COMMENTS = YES;
				CLANG_WARN_EMPTY_BODY = YES;
				CLANG_WARN_ENUM_CONVERSION = YES;
				CLANG_WARN_INFINITE_RECURSION = YES;
				CLANG_WARN_INT_CONVERSION = YES;
				CLANG_WARN_NON_LITERAL_NULL_CONVERSION = YES;
				CLANG_WARN_OBJC_LITERAL_CONVERSION = YES;
				CLANG_WARN_OBJC_ROOT_CLASS = YES_ERROR;
				CLANG_WARN_RANGE_LOOP_ANALYSIS = YES;
				CLANG_WARN_STRICT_PROTOTYPES = YES;
				CLANG_WARN_SUSPICIOUS_MOVE = YES;
				CLANG_WARN_UNGUARDED_AVAILABILITY = YES_AGGRESSIVE;
				CLANG_WARN_UNREACHABLE_CODE = YES;
				CLANG_WARN__DUPLICATE_METHOD_MATCH = YES;
				CODE_SIGN_IDENTITY = "iPhone Developer";
				COPY_PHASE_STRIP = NO;
				DEBUG_INFORMATION_FORMAT = "dwarf-with-dsym";
				ENABLE_NS_ASSERTIONS = NO;
				ENABLE_STRICT_OBJC_MSGSEND = YES;
				GCC_C_LANGUAGE_STANDARD = gnu11;
				GCC_NO_COMMON_BLOCKS = YES;
				GCC_WARN_64_TO_32_BIT_CONVERSION = YES;
				GCC_WARN_ABOUT_RETURN_TYPE = YES_ERROR;
				GCC_WARN_UNDECLARED_SELECTOR = YES;
				GCC_WARN_UNINITIALIZED_AUTOS = YES_AGGRESSIVE;
				GCC_WARN_UNUSED_FUNCTION = YES;
				GCC_WARN_UNUSED_VARIABLE = YES;
				IPHONEOS_DEPLOYMENT_TARGET = 11.2;
				MTL_ENABLE_DEBUG_INFO = NO;
				SDKROOT = iphoneos;
				SWIFT_OPTIMIZATION_LEVEL = "-Owholemodule";
				VALIDATE_PRODUCT = YES;
			};
			name = Release;
		};
		2C65EE01202B4F9A00C61C34 /* Debug */ = {
			isa = XCBuildConfiguration;
			buildSettings = {
				ASSETCATALOG_COMPILER_APPICON_NAME = AppIcon;
				CODE_SIGN_STYLE = Automatic;
				DEVELOPMENT_TEAM = U26UC4PNCK;
				INFOPLIST_FILE = Charts/Info.plist;
				LD_RUNPATH_SEARCH_PATHS = "$(inherited) @executable_path/Frameworks";
				PRODUCT_BUNDLE_IDENTIFIER = com.vincoux.Charts;
				PRODUCT_NAME = "$(TARGET_NAME)";
				SWIFT_VERSION = 4.0;
				TARGETED_DEVICE_FAMILY = "1,2";
			};
			name = Debug;
		};
		2C65EE02202B4F9A00C61C34 /* Release */ = {
			isa = XCBuildConfiguration;
			buildSettings = {
				ASSETCATALOG_COMPILER_APPICON_NAME = AppIcon;
				CODE_SIGN_STYLE = Automatic;
				DEVELOPMENT_TEAM = U26UC4PNCK;
				INFOPLIST_FILE = Charts/Info.plist;
				LD_RUNPATH_SEARCH_PATHS = "$(inherited) @executable_path/Frameworks";
				PRODUCT_BUNDLE_IDENTIFIER = com.vincoux.Charts;
				PRODUCT_NAME = "$(TARGET_NAME)";
				SWIFT_VERSION = 4.0;
				TARGETED_DEVICE_FAMILY = "1,2";
			};
			name = Release;
		};
		2C65EE04202B4F9A00C61C34 /* Debug */ = {
			isa = XCBuildConfiguration;
			buildSettings = {
				ALWAYS_EMBED_SWIFT_STANDARD_LIBRARIES = YES;
				BUNDLE_LOADER = "$(TEST_HOST)";
				CODE_SIGN_STYLE = Automatic;
				DEVELOPMENT_TEAM = U26UC4PNCK;
				INFOPLIST_FILE = ChartsTests/Info.plist;
				LD_RUNPATH_SEARCH_PATHS = "$(inherited) @executable_path/Frameworks @loader_path/Frameworks";
				PRODUCT_BUNDLE_IDENTIFIER = com.vincoux.ChartsTests;
				PRODUCT_NAME = "$(TARGET_NAME)";
				SWIFT_VERSION = 4.0;
				TARGETED_DEVICE_FAMILY = "1,2";
				TEST_HOST = "$(BUILT_PRODUCTS_DIR)/Charts.app/Charts";
			};
			name = Debug;
		};
		2C65EE05202B4F9A00C61C34 /* Release */ = {
			isa = XCBuildConfiguration;
			buildSettings = {
				ALWAYS_EMBED_SWIFT_STANDARD_LIBRARIES = YES;
				BUNDLE_LOADER = "$(TEST_HOST)";
				CODE_SIGN_STYLE = Automatic;
				DEVELOPMENT_TEAM = U26UC4PNCK;
				INFOPLIST_FILE = ChartsTests/Info.plist;
				LD_RUNPATH_SEARCH_PATHS = "$(inherited) @executable_path/Frameworks @loader_path/Frameworks";
				PRODUCT_BUNDLE_IDENTIFIER = com.vincoux.ChartsTests;
				PRODUCT_NAME = "$(TARGET_NAME)";
				SWIFT_VERSION = 4.0;
				TARGETED_DEVICE_FAMILY = "1,2";
				TEST_HOST = "$(BUILT_PRODUCTS_DIR)/Charts.app/Charts";
			};
			name = Release;
		};
		2C65EE07202B4F9A00C61C34 /* Debug */ = {
			isa = XCBuildConfiguration;
			buildSettings = {
				ALWAYS_EMBED_SWIFT_STANDARD_LIBRARIES = YES;
				CODE_SIGN_STYLE = Automatic;
				DEVELOPMENT_TEAM = U26UC4PNCK;
				INFOPLIST_FILE = ChartsUITests/Info.plist;
				LD_RUNPATH_SEARCH_PATHS = "$(inherited) @executable_path/Frameworks @loader_path/Frameworks";
				PRODUCT_BUNDLE_IDENTIFIER = com.vincoux.ChartsUITests;
				PRODUCT_NAME = "$(TARGET_NAME)";
				SWIFT_VERSION = 4.0;
				TARGETED_DEVICE_FAMILY = "1,2";
				TEST_TARGET_NAME = Charts;
			};
			name = Debug;
		};
		2C65EE08202B4F9A00C61C34 /* Release */ = {
			isa = XCBuildConfiguration;
			buildSettings = {
				ALWAYS_EMBED_SWIFT_STANDARD_LIBRARIES = YES;
				CODE_SIGN_STYLE = Automatic;
				DEVELOPMENT_TEAM = U26UC4PNCK;
				INFOPLIST_FILE = ChartsUITests/Info.plist;
				LD_RUNPATH_SEARCH_PATHS = "$(inherited) @executable_path/Frameworks @loader_path/Frameworks";
				PRODUCT_BUNDLE_IDENTIFIER = com.vincoux.ChartsUITests;
				PRODUCT_NAME = "$(TARGET_NAME)";
				SWIFT_VERSION = 4.0;
				TARGETED_DEVICE_FAMILY = "1,2";
				TEST_TARGET_NAME = Charts;
			};
			name = Release;
		};
/* End XCBuildConfiguration section */

/* Begin XCConfigurationList section */
		2C65EDD3202B4F9A00C61C34 /* Build configuration list for PBXProject "Charts" */ = {
			isa = XCConfigurationList;
			buildConfigurations = (
				2C65EDFE202B4F9A00C61C34 /* Debug */,
				2C65EDFF202B4F9A00C61C34 /* Release */,
			);
			defaultConfigurationIsVisible = 0;
			defaultConfigurationName = Release;
		};
		2C65EE00202B4F9A00C61C34 /* Build configuration list for PBXNativeTarget "Charts" */ = {
			isa = XCConfigurationList;
			buildConfigurations = (
				2C65EE01202B4F9A00C61C34 /* Debug */,
				2C65EE02202B4F9A00C61C34 /* Release */,
			);
			defaultConfigurationIsVisible = 0;
			defaultConfigurationName = Release;
		};
		2C65EE03202B4F9A00C61C34 /* Build configuration list for PBXNativeTarget "ChartsTests" */ = {
			isa = XCConfigurationList;
			buildConfigurations = (
				2C65EE04202B4F9A00C61C34 /* Debug */,
				2C65EE05202B4F9A00C61C34 /* Release */,
			);
			defaultConfigurationIsVisible = 0;
			defaultConfigurationName = Release;
		};
		2C65EE06202B4F9A00C61C34 /* Build configuration list for PBXNativeTarget "ChartsUITests" */ = {
			isa = XCConfigurationList;
			buildConfigurations = (
				2C65EE07202B4F9A00C61C34 /* Debug */,
				2C65EE08202B4F9A00C61C34 /* Release */,
			);
			defaultConfigurationIsVisible = 0;
			defaultConfigurationName = Release;
		};
/* End XCConfigurationList section */
	};
	rootObject = 2C65EDD0202B4F9A00C61C34 /* Project object */;
}
